
Microsoft Visual Studio Solution File, Format Version 12.00
# Visual Studio Version 17
VisualStudioVersion = 17.0.32112.339
MinimumVisualStudioVersion = 10.0.40219.1
Project("{9A19103F-16F7-4668-BE54-9A1E7A4F7556}") = "MyToDo.Api", "MyToDo.Api\MyToDo.Api.csproj", "{496EE248-734C-4819-9537-57020B8B6693}"
EndProject
Project("{9A19103F-16F7-4668-BE54-9A1E7A4F7556}") = "MyToDo.Shared", "MyToDo.Shared\MyToDo.Shared.csproj", "{BB232A07-3122-4B95-905C-59F298845D9B}"
EndProject
Project("{FAE04EC0-301F-11D3-BF4B-00C04F79EFBC}") = "MyToDo", "MyToDo\MyToDo.csproj", "{B6D75858-0683-40C4-BE3D-F8A330C5F581}"
EndProject
Global
	GlobalSection(SolutionConfigurationPlatforms) = preSolution
		Debug|Any CPU = Debug|Any CPU
		Release|Any CPU = Release|Any CPU
	EndGlobalSection
	GlobalSection(ProjectConfigurationPlatforms) = postSolution
		{496EE248-734C-4819-9537-57020B8B6693}.Debug|Any CPU.ActiveCfg = Debug|Any CPU
		{496EE248-734C-4819-9537-57020B8B6693}.Debug|Any CPU.Build.0 = Debug|Any CPU
		{496EE248-734C-4819-9537-57020B8B6693}.Release|Any CPU.ActiveCfg = Release|Any CPU
		{496EE248-734C-4819-9537-57020B8B6693}.Release|Any CPU.Build.0 = Release|Any CPU
		{BB232A07-3122-4B95-905C-59F298845D9B}.Debug|Any CPU.ActiveCfg = Debug|Any CPU
		{BB232A07-3122-4B95-905C-59F298845D9B}.Debug|Any CPU.Build.0 = Debug|Any CPU
		{BB232A07-3122-4B95-905C-59F298845D9B}.Release|Any CPU.ActiveCfg = Release|Any CPU
		{BB232A07-3122-4B95-905C-59F298845D9B}.Release|Any CPU.Build.0 = Release|Any CPU
		{B6D75858-0683-40C4-BE3D-F8A330C5F581}.Debug|Any CPU.ActiveCfg = Debug|Any CPU
		{B6D75858-0683-40C4-BE3D-F8A330C5F581}.Debug|Any CPU.Build.0 = Debug|Any CPU
		{B6D75858-0683-40C4-BE3D-F8A330C5F581}.Release|Any CPU.ActiveCfg = Release|Any CPU
		{B6D75858-0683-40C4-BE3D-F8A330C5F581}.Release|Any CPU.Build.0 = Release|Any CPU
	EndGlobalSection
	GlobalSection(SolutionProperties) = preSolution
		HideSolutionNode = FALSE
	EndGlobalSection
	GlobalSection(ExtensibilityGlobals) = postSolution
		SolutionGuid = {889F1E07-5E38-4281-BFC7-C9CD223CD119}
	EndGlobalSection
EndGlobal
